
Microsoft Visual Studio Solution File, Format Version 12.00
# Visual Studio Version 17
VisualStudioVersion = 17.13.35806.99 d17.13
MinimumVisualStudioVersion = 10.0.40219.1
Project("{FAE04EC0-301F-11D3-BF4B-00C04F79EFBC}") = "WEB API", "WEB API\WEB API.csproj", "{AC4DF247-5AAB-4E0A-B1F0-81CEF4E1B225}"
EndProject
Global
	GlobalSection(SolutionConfigurationPlatforms) = preSolution
		Debug|Any CPU = Debug|Any CPU
		Release|Any CPU = Release|Any CPU
	EndGlobalSection
	GlobalSection(ProjectConfigurationPlatforms) = postSolution
		{AC4DF247-5AAB-4E0A-B1F0-81CEF4E1B225}.Debug|Any CPU.ActiveCfg = Debug|Any CPU
		{AC4DF247-5AAB-4E0A-B1F0-81CEF4E1B225}.Debug|Any CPU.Build.0 = Debug|Any CPU
		{AC4DF247-5AAB-4E0A-B1F0-81CEF4E1B225}.Release|Any CPU.ActiveCfg = Release|Any CPU
		{AC4DF247-5AAB-4E0A-B1F0-81CEF4E1B225}.Release|Any CPU.Build.0 = Release|Any CPU
	EndGlobalSection
	GlobalSection(SolutionProperties) = preSolution
		HideSolutionNode = FALSE
	EndGlobalSection
	GlobalSection(ExtensibilityGlobals) = postSolution
		SolutionGuid = {32A3FA32-7FFF-4A19-8074-B3CDB9C272AD}
	EndGlobalSection
EndGlobal
